{
    "_meta": {
        "hash": {
            "sha256": "5287d23911843cd36abfd3c6a7b8e02ab1f3550e425793c34b44a5b6be29638f"
        },
        "pipfile-spec": 6,
        "requires": {
            "python_version": "3.7"
        },
        "sources": [
            {
                "name": "pypi",
                "url": "https://pypi.python.org/simple",
                "verify_ssl": true
            }
        ]
    },
    "default": {
        "arrow": {
            "hashes": [
                "sha256:3397e5448952e18e1295bf047014659effa5ae8da6a5371d37ff0ddc46fa6872",
                "sha256:6f54d9f016c0b7811fac9fb8c2c7fa7421d80c54dbdd75ffb12913c55db60b8a"
            ],
            "index": "pypi",
            "version": "==0.13.1"
        },
        "boto3": {
            "hashes": [
                "sha256:1b4a86e1167ba7cbb9dbf2a0a0b86447b35a2b901ae5aace75b8196631680957",
                "sha256:f5b12367c530dac45782251b672f1e911da5c74285f89850b0f4f5694b8c388c"
            ],
            "index": "pypi",
            "version": "==1.9.115"
        },
        "botocore": {
            "hashes": [
                "sha256:7c8ec120bc5bcc4076aebd7dac3a679777ff3a3ce3263c64d7342ea7982b578c",
                "sha256:f4607f8800f87fd8eacd450699666f92d7fbc48fbb757903ad56825ce08e072a"
            ],
            "version": "==1.12.115"
        },
        "certifi": {
            "hashes": [
                "sha256:59b7658e26ca9c7339e00f8f4636cdfe59d34fa37b9b04f6f9e9926b3cece1a5",
                "sha256:b26104d6835d1f5e49452a26eb2ff87fe7090b89dfcaee5ea2212697e1e1d7ae"
            ],
            "version": "==2019.3.9"
        },
        "chardet": {
            "hashes": [
                "sha256:84ab92ed1c4d4f16916e05906b6b75a6c0fb5db821cc65e70cbd64a3e2a5eaae",
                "sha256:fc323ffcaeaed0e0a02bf4d117757b98aed530d9ed4531e3e15460124c106691"
            ],
            "version": "==3.0.4"
        },
        "docutils": {
            "hashes": [
                "sha256:02aec4bd92ab067f6ff27a38a38a41173bf01bed8f89157768c1573f53e474a6",
                "sha256:51e64ef2ebfb29cae1faa133b3710143496eca21c530f3f71424d77687764274",
                "sha256:7a4bd47eaf6596e1295ecb11361139febe29b084a87bf005bf899f9a42edc3c6"
            ],
            "version": "==0.14"
        },
        "et-xmlfile": {
            "hashes": [
                "sha256:614d9722d572f6246302c4491846d2c393c199cfa4edc9af593437691683335b"
            ],
            "version": "==1.0.1"
        },
        "idna": {
            "hashes": [
                "sha256:c357b3f628cf53ae2c4c05627ecc484553142ca23264e593d327bcde5e9c3407",
                "sha256:ea8b7f6188e6fa117537c3df7da9fc686d485087abf6ac197f9c46432f7e4a3c"
            ],
            "version": "==2.8"
        },
        "jdcal": {
            "hashes": [
                "sha256:948fb8d079e63b4be7a69dd5f0cd618a0a57e80753de8248fd786a8a20658a07",
                "sha256:ea0a5067c5f0f50ad4c7bdc80abad3d976604f6fb026b0b3a17a9d84bb9046c9"
            ],
            "version": "==1.4"
        },
        "jmespath": {
            "hashes": [
                "sha256:3720a4b1bd659dd2eecad0666459b9788813e032b83e7ba58578e48254e0a0e6",
                "sha256:bde2aef6f44302dfb30320115b17d030798de8c4110e28d5cf6cf91a7a31074c"
            ],
            "version": "==0.9.4"
        },
        "lml": {
            "hashes": [
                "sha256:b1bef669dc077a1075fa64b99229b6341085b3b3a98d29c66df1853cc14e6c1a",
                "sha256:ea5ba817b4adc9e9f5c21725cd2475f912933b7e2dfdf0792aed80077154f63f"
            ],
            "version": "==0.0.9"
        },
        "openpyxl": {
            "hashes": [
                "sha256:a5285901fff7b99a011462f18506a4fbfe4055191149ff42f59345828f8cf7b2"
            ],
            "index": "pypi",
            "version": "==2.5.14"
        },
        "pyexcel": {
            "hashes": [
                "sha256:06c47c450bee46d8793376ebca6ecec3adaa99a3424aad7d4c19dbb96ce14c51",
                "sha256:f34f4bcc0322ab1f7dccd38b77ecd8f1f7964cf820bdd682494fc47d9f2fb6e3"
            ],
            "index": "pypi",
            "version": "==0.5.13"
        },
        "pyexcel-io": {
            "hashes": [
                "sha256:bd8de0ea49564095151740faa173286dd3d22051c9e56e0581995e14a0de8bb2",
                "sha256:e72279b33e0d6dca872cf68f46e5f14c47124e6ba850616ade0f8b4682fe8436"
            ],
            "index": "pypi",
            "version": "==0.5.14"
        },
        "pyexcel-xls": {
            "hashes": [
                "sha256:2d33eb4bd8dadfb8c73b5ccc6a238d65b3914e89a7553b1f39b9397b17cbe402",
                "sha256:90aef211c0628e6652943e6ad32e030e7da71d5db0d6e9f443153f8f2985ed2d"
            ],
            "index": "pypi",
            "version": "==0.5.8"
        },
        "pyexcel-xlsx": {
            "hashes": [
                "sha256:31f261b38270b2a1cc4f86b2792722f1ba266c17d652b6866c353d5b06349d43",
                "sha256:d60bf71c770d391c61bd76e75e6a3de1619a1db931c5f9b7d3c1ee1f33a6c6bc"
            ],
            "index": "pypi",
            "version": "==0.5.7"
        },
        "python-dateutil": {
            "hashes": [
                "sha256:7e6584c74aeed623791615e26efd690f29817a27c73085b78e4bad02493df2fb",
                "sha256:c89805f6f4d64db21ed966fda138f8a5ed7a4fdbc1a8ee329ce1b74e3c74da9e"
            ],
            "markers": "python_version >= '2.7'",
            "version": "==2.8.0"
        },
        "requests": {
            "hashes": [
                "sha256:502a824f31acdacb3a35b6690b5fbf0bc41d63a24a45c4004352b0242707598e",
                "sha256:7bf2a778576d825600030a110f3c0e3e8edc51dfaafe1c146e39a2027784957b"
            ],
            "index": "pypi",
            "version": "==2.21.0"
        },
        "s3transfer": {
            "hashes": [
                "sha256:7b9ad3213bff7d357f888e0fab5101b56fa1a0548ee77d121c3a3dbfbef4cb2e",
                "sha256:f23d5cb7d862b104401d9021fc82e5fa0e0cf57b7660a1331425aab0c691d021"
            ],
            "version": "==0.2.0"
        },
        "six": {
            "hashes": [
                "sha256:3350809f0555b11f552448330d0b52d5f24c91a322ea4a15ef22629740f3761c",
                "sha256:d16a0141ec1a18405cd4ce8b4613101da75da0e9a7aec5bdd4fa804d0e0eba73"
            ],
            "version": "==1.12.0"
        },
        "texttable": {
            "hashes": [
                "sha256:2b60a5304ccfbeac80ffae7350d7c2f5d7a24e9aab5036d0f82489746419d9b2"
            ],
            "version": "==1.6.1"
        },
        "unidecode": {
            "hashes": [
                "sha256:092cdf7ad9d1052c50313426a625b717dab52f7ac58f859e09ea020953b1ad8f",
                "sha256:8b85354be8fd0c0e10adbf0675f6dc2310e56fda43fa8fe049123b6c475e52fb"
            ],
            "index": "pypi",
            "version": "==1.0.23"
        },
        "urllib3": {
            "hashes": [
                "sha256:61bf29cada3fc2fbefad4fdf059ea4bd1b4a86d2b6d15e1c7c0b582b9752fe39",
                "sha256:de9529817c93f27c8ccbfead6985011db27bd0ddfcdb2d86f3f663385c6a9c22"
            ],
            "markers": "python_version >= '3.4'",
            "version": "==1.24.1"
        },
        "xlrd": {
            "hashes": [
                "sha256:546eb36cee8db40c3eaa46c351e67ffee6eeb5fa2650b71bc4c758a29a1b29b2",
                "sha256:e551fb498759fa3a5384a94ccd4c3c02eb7c00ea424426e212ac0c57be9dfbde"
            ],
            "version": "==1.2.0"
        },
        "xlwt": {
            "hashes": [
                "sha256:a082260524678ba48a297d922cc385f58278b8aa68741596a87de01a9c628b2e",
                "sha256:c59912717a9b28f1a3c2a98fd60741014b06b043936dcecbc113eaaada156c88"
            ],
            "version": "==1.3.0"
        }
    },
    "develop": {}
}
